
Microsoft Visual Studio Solution File, Format Version 12.00
Project("{2150E333-8FDC-42A3-9474-1A3956D46DE8}") = "src", "src", "{B885DD48-1EE5-49FE-AEC8-2B01F1C8FD50}"
EndProject
Project("{2150E333-8FDC-42A3-9474-1A3956D46DE8}") = "Services", "Services", "{4CEE1DEA-0CF2-49AA-BDD3-74EB7BB0147F}"
EndProject
Project("{2150E333-8FDC-42A3-9474-1A3956D46DE8}") = "Web", "Web", "{B54293FB-148E-45CB-AD5E-65F95994D9D0}"
EndProject
Project("{FAE04EC0-301F-11D3-BF4B-00C04F79EFBC}") = "WebSPA", "src\Web\WebSPA\WebSPA.csproj", "{B6911D95-1501-4171-9B12-6A8698EEBF64}"
EndProject
Project("{2150E333-8FDC-42A3-9474-1A3956D46DE8}") = "Recipe", "Recipe", "{34DF2DED-6F83-4EDB-B3B6-B053EAA16A4F}"
EndProject
Project("{FAE04EC0-301F-11D3-BF4B-00C04F79EFBC}") = "Recipe.API", "src\Services\Recipe\Recipe.API\Recipe.API.csproj", "{0CD078A6-128E-49D7-B301-8700A38F2FFC}"
EndProject
Project("{2150E333-8FDC-42A3-9474-1A3956D46DE8}") = "Blog", "Blog", "{844FD68F-4F06-49FF-A931-A8C9E4C56341}"
EndProject
Project("{FAE04EC0-301F-11D3-BF4B-00C04F79EFBC}") = "Blog.API", "src\Services\Blog\Blog.API\Blog.API.csproj", "{862ACC13-25DE-4E9B-B4BB-476C1F6676A1}"
EndProject
Global
	GlobalSection(SolutionConfigurationPlatforms) = preSolution
		Debug|Any CPU = Debug|Any CPU
		Release|Any CPU = Release|Any CPU
	EndGlobalSection
	GlobalSection(NestedProjects) = preSolution
		{4CEE1DEA-0CF2-49AA-BDD3-74EB7BB0147F} = {B885DD48-1EE5-49FE-AEC8-2B01F1C8FD50}
		{B54293FB-148E-45CB-AD5E-65F95994D9D0} = {B885DD48-1EE5-49FE-AEC8-2B01F1C8FD50}
		{B6911D95-1501-4171-9B12-6A8698EEBF64} = {B54293FB-148E-45CB-AD5E-65F95994D9D0}
		{34DF2DED-6F83-4EDB-B3B6-B053EAA16A4F} = {4CEE1DEA-0CF2-49AA-BDD3-74EB7BB0147F}
		{0CD078A6-128E-49D7-B301-8700A38F2FFC} = {34DF2DED-6F83-4EDB-B3B6-B053EAA16A4F}
		{844FD68F-4F06-49FF-A931-A8C9E4C56341} = {4CEE1DEA-0CF2-49AA-BDD3-74EB7BB0147F}
		{862ACC13-25DE-4E9B-B4BB-476C1F6676A1} = {844FD68F-4F06-49FF-A931-A8C9E4C56341}
	EndGlobalSection
	GlobalSection(ProjectConfigurationPlatforms) = postSolution
		{B6911D95-1501-4171-9B12-6A8698EEBF64}.Debug|Any CPU.ActiveCfg = Debug|Any CPU
		{B6911D95-1501-4171-9B12-6A8698EEBF64}.Debug|Any CPU.Build.0 = Debug|Any CPU
		{B6911D95-1501-4171-9B12-6A8698EEBF64}.Release|Any CPU.ActiveCfg = Release|Any CPU
		{B6911D95-1501-4171-9B12-6A8698EEBF64}.Release|Any CPU.Build.0 = Release|Any CPU
		{0CD078A6-128E-49D7-B301-8700A38F2FFC}.Debug|Any CPU.ActiveCfg = Debug|Any CPU
		{0CD078A6-128E-49D7-B301-8700A38F2FFC}.Debug|Any CPU.Build.0 = Debug|Any CPU
		{0CD078A6-128E-49D7-B301-8700A38F2FFC}.Release|Any CPU.ActiveCfg = Release|Any CPU
		{0CD078A6-128E-49D7-B301-8700A38F2FFC}.Release|Any CPU.Build.0 = Release|Any CPU
		{862ACC13-25DE-4E9B-B4BB-476C1F6676A1}.Debug|Any CPU.ActiveCfg = Debug|Any CPU
		{862ACC13-25DE-4E9B-B4BB-476C1F6676A1}.Debug|Any CPU.Build.0 = Debug|Any CPU
		{862ACC13-25DE-4E9B-B4BB-476C1F6676A1}.Release|Any CPU.ActiveCfg = Release|Any CPU
		{862ACC13-25DE-4E9B-B4BB-476C1F6676A1}.Release|Any CPU.Build.0 = Release|Any CPU
	EndGlobalSection
EndGlobal
